
Microsoft Visual Studio Solution File, Format Version 12.00
# Visual Studio Version 17
VisualStudioVersion = 17.5.33414.496
MinimumVisualStudioVersion = 10.0.40219.1
Project("{FAE04EC0-301F-11D3-BF4B-00C04F79EFBC}") = "Livraria", "Livraria\Livraria.csproj", "{057F910E-488E-4CDC-BDAF-ABD2BA382319}"
EndProject
Global
	GlobalSection(SolutionConfigurationPlatforms) = preSolution
		Debug|Any CPU = Debug|Any CPU
		Release|Any CPU = Release|Any CPU
	EndGlobalSection
	GlobalSection(ProjectConfigurationPlatforms) = postSolution
		{057F910E-488E-4CDC-BDAF-ABD2BA382319}.Debug|Any CPU.ActiveCfg = Debug|Any CPU
		{057F910E-488E-4CDC-BDAF-ABD2BA382319}.Debug|Any CPU.Build.0 = Debug|Any CPU
		{057F910E-488E-4CDC-BDAF-ABD2BA382319}.Release|Any CPU.ActiveCfg = Release|Any CPU
		{057F910E-488E-4CDC-BDAF-ABD2BA382319}.Release|Any CPU.Build.0 = Release|Any CPU
	EndGlobalSection
	GlobalSection(SolutionProperties) = preSolution
		HideSolutionNode = FALSE
	EndGlobalSection
	GlobalSection(ExtensibilityGlobals) = postSolution
		SolutionGuid = {8516ECE5-24F8-4F8E-9755-B0873CEACDF4}
	EndGlobalSection
EndGlobal
